// !$*UTF8*$!
{
	archiveVersion = 1;
	classes = {
	};
	objectVersion = 51;
	objects = {

/* Begin PBXBuildFile section */
		601F6A8024A23179003E8024 /* ProtocolDetailMovie.swift in Sources */ = {isa = PBXBuildFile; fileRef = 601F6A7F24A23179003E8024 /* ProtocolDetailMovie.swift */; };
		601F6A8224A235E4003E8024 /* MovieDetailPresenter.swift in Sources */ = {isa = PBXBuildFile; fileRef = 601F6A8124A235E4003E8024 /* MovieDetailPresenter.swift */; };
		601F6A8424A23656003E8024 /* MovieDetailInteractor.swift in Sources */ = {isa = PBXBuildFile; fileRef = 601F6A8324A23656003E8024 /* MovieDetailInteractor.swift */; };
		607E2F9A2492B5D1003AB9EA /* AppDelegate.swift in Sources */ = {isa = PBXBuildFile; fileRef = 607E2F992492B5D1003AB9EA /* AppDelegate.swift */; };
		607E2F9C2492B5D1003AB9EA /* SceneDelegate.swift in Sources */ = {isa = PBXBuildFile; fileRef = 607E2F9B2492B5D1003AB9EA /* SceneDelegate.swift */; };
		607E2F9E2492B5D1003AB9EA /* MoviesViewController.swift in Sources */ = {isa = PBXBuildFile; fileRef = 607E2F9D2492B5D1003AB9EA /* MoviesViewController.swift */; };
		607E2FA32492B5D2003AB9EA /* Assets.xcassets in Resources */ = {isa = PBXBuildFile; fileRef = 607E2FA22492B5D2003AB9EA /* Assets.xcassets */; };
		607E2FA62492B5D2003AB9EA /* LaunchScreen.storyboard in Resources */ = {isa = PBXBuildFile; fileRef = 607E2FA42492B5D2003AB9EA /* LaunchScreen.storyboard */; };
		607E308B249339CA003AB9EA /* Protocols.swift in Sources */ = {isa = PBXBuildFile; fileRef = 607E308A249339CA003AB9EA /* Protocols.swift */; };
		6080500A24A0460500DA153D /* MovieViewController.swift in Sources */ = {isa = PBXBuildFile; fileRef = 6080500924A0460500DA153D /* MovieViewController.swift */; };
		6080500F24A0475000DA153D /* MovieResumeViewModel.swift in Sources */ = {isa = PBXBuildFile; fileRef = 6080500E24A0475000DA153D /* MovieResumeViewModel.swift */; };
		6080501124A0478B00DA153D /* MovieDetailViewModel.swift in Sources */ = {isa = PBXBuildFile; fileRef = 6080501024A0478B00DA153D /* MovieDetailViewModel.swift */; };
		6088C7BE2499B005000B4472 /* MoviesCollectionViewModel.swift in Sources */ = {isa = PBXBuildFile; fileRef = 6088C7BD2499B005000B4472 /* MoviesCollectionViewModel.swift */; };
		60A14DE92499AA4700FB2317 /* MoviesViewModel.swift in Sources */ = {isa = PBXBuildFile; fileRef = 60A14DE82499AA4700FB2317 /* MoviesViewModel.swift */; };
		60A14DEB2499ACBC00FB2317 /* MoviesCollectionCell.swift in Sources */ = {isa = PBXBuildFile; fileRef = 60A14DEA2499ACBC00FB2317 /* MoviesCollectionCell.swift */; };
		60A1E21224983D3A00E004AD /* MoviesDataSource.swift in Sources */ = {isa = PBXBuildFile; fileRef = 60A1E21124983D3A00E004AD /* MoviesDataSource.swift */; };
		60A1E232249841EA00E004AD /* MovieCollectionView.swift in Sources */ = {isa = PBXBuildFile; fileRef = 60A1E231249841EA00E004AD /* MovieCollectionView.swift */; };
		60A1E2352498466400E004AD /* MoviesPresenter.swift in Sources */ = {isa = PBXBuildFile; fileRef = 60A1E2342498466400E004AD /* MoviesPresenter.swift */; };
		60A1E238249848F600E004AD /* MoviesInteractor.swift in Sources */ = {isa = PBXBuildFile; fileRef = 60A1E237249848F600E004AD /* MoviesInteractor.swift */; };
		9A1FBF998EED40D355604A1C /* Pods_VIP.framework in Frameworks */ = {isa = PBXBuildFile; fileRef = CF65A5DDD3D999096560EB22 /* Pods_VIP.framework */; };
/* End PBXBuildFile section */

/* Begin PBXFileReference section */
		10CE49CB304F844BECC55710 /* Pods-VIP.release.xcconfig */ = {isa = PBXFileReference; includeInIndex = 1; lastKnownFileType = text.xcconfig; name = "Pods-VIP.release.xcconfig"; path = "Target Support Files/Pods-VIP/Pods-VIP.release.xcconfig"; sourceTree = "<group>"; };
		601F6A7F24A23179003E8024 /* ProtocolDetailMovie.swift */ = {isa = PBXFileReference; lastKnownFileType = sourcecode.swift; path = ProtocolDetailMovie.swift; sourceTree = "<group>"; };
		601F6A8124A235E4003E8024 /* MovieDetailPresenter.swift */ = {isa = PBXFileReference; lastKnownFileType = sourcecode.swift; path = MovieDetailPresenter.swift; sourceTree = "<group>"; };
		601F6A8324A23656003E8024 /* MovieDetailInteractor.swift */ = {isa = PBXFileReference; lastKnownFileType = sourcecode.swift; path = MovieDetailInteractor.swift; sourceTree = "<group>"; };
		607E2F962492B5D1003AB9EA /* VIP.app */ = {isa = PBXFileReference; explicitFileType = wrapper.application; includeInIndex = 0; path = VIP.app; sourceTree = BUILT_PRODUCTS_DIR; };
		607E2F992492B5D1003AB9EA /* AppDelegate.swift */ = {isa = PBXFileReference; lastKnownFileType = sourcecode.swift; path = AppDelegate.swift; sourceTree = "<group>"; };
		607E2F9B2492B5D1003AB9EA /* SceneDelegate.swift */ = {isa = PBXFileReference; lastKnownFileType = sourcecode.swift; path = SceneDelegate.swift; sourceTree = "<group>"; };
		607E2F9D2492B5D1003AB9EA /* MoviesViewController.swift */ = {isa = PBXFileReference; lastKnownFileType = sourcecode.swift; path = MoviesViewController.swift; sourceTree = "<group>"; };
		607E2FA22492B5D2003AB9EA /* Assets.xcassets */ = {isa = PBXFileReference; lastKnownFileType = folder.assetcatalog; path = Assets.xcassets; sourceTree = "<group>"; };
		607E2FA52492B5D2003AB9EA /* Base */ = {isa = PBXFileReference; lastKnownFileType = file.storyboard; name = Base; path = Base.lproj/LaunchScreen.storyboard; sourceTree = "<group>"; };
		607E2FA72492B5D2003AB9EA /* Info.plist */ = {isa = PBXFileReference; lastKnownFileType = text.plist.xml; path = Info.plist; sourceTree = "<group>"; };
		607E308A249339CA003AB9EA /* Protocols.swift */ = {isa = PBXFileReference; lastKnownFileType = sourcecode.swift; path = Protocols.swift; sourceTree = "<group>"; };
		6080500924A0460500DA153D /* MovieViewController.swift */ = {isa = PBXFileReference; lastKnownFileType = sourcecode.swift; path = MovieViewController.swift; sourceTree = "<group>"; };
		6080500E24A0475000DA153D /* MovieResumeViewModel.swift */ = {isa = PBXFileReference; lastKnownFileType = sourcecode.swift; path = MovieResumeViewModel.swift; sourceTree = "<group>"; };
		6080501024A0478B00DA153D /* MovieDetailViewModel.swift */ = {isa = PBXFileReference; lastKnownFileType = sourcecode.swift; path = MovieDetailViewModel.swift; sourceTree = "<group>"; };
		6088C7BD2499B005000B4472 /* MoviesCollectionViewModel.swift */ = {isa = PBXFileReference; lastKnownFileType = sourcecode.swift; path = MoviesCollectionViewModel.swift; sourceTree = "<group>"; };
		60A14DE82499AA4700FB2317 /* MoviesViewModel.swift */ = {isa = PBXFileReference; lastKnownFileType = sourcecode.swift; path = MoviesViewModel.swift; sourceTree = "<group>"; };
		60A14DEA2499ACBC00FB2317 /* MoviesCollectionCell.swift */ = {isa = PBXFileReference; lastKnownFileType = sourcecode.swift; path = MoviesCollectionCell.swift; sourceTree = "<group>"; };
		60A1E21124983D3A00E004AD /* MoviesDataSource.swift */ = {isa = PBXFileReference; lastKnownFileType = sourcecode.swift; path = MoviesDataSource.swift; sourceTree = "<group>"; };
		60A1E231249841EA00E004AD /* MovieCollectionView.swift */ = {isa = PBXFileReference; lastKnownFileType = sourcecode.swift; path = MovieCollectionView.swift; sourceTree = "<group>"; };
		60A1E2342498466400E004AD /* MoviesPresenter.swift */ = {isa = PBXFileReference; lastKnownFileType = sourcecode.swift; path = MoviesPresenter.swift; sourceTree = "<group>"; };
		60A1E237249848F600E004AD /* MoviesInteractor.swift */ = {isa = PBXFileReference; lastKnownFileType = sourcecode.swift; path = MoviesInteractor.swift; sourceTree = "<group>"; };
		707AD3B45529724633EE9D66 /* Pods-VIP.debug.xcconfig */ = {isa = PBXFileReference; includeInIndex = 1; lastKnownFileType = text.xcconfig; name = "Pods-VIP.debug.xcconfig"; path = "Target Support Files/Pods-VIP/Pods-VIP.debug.xcconfig"; sourceTree = "<group>"; };
		CF65A5DDD3D999096560EB22 /* Pods_VIP.framework */ = {isa = PBXFileReference; explicitFileType = wrapper.framework; includeInIndex = 0; path = Pods_VIP.framework; sourceTree = BUILT_PRODUCTS_DIR; };
/* End PBXFileReference section */

/* Begin PBXFrameworksBuildPhase section */
		607E2F932492B5D1003AB9EA /* Frameworks */ = {
			isa = PBXFrameworksBuildPhase;
			buildActionMask = 2147483647;
			files = (
				9A1FBF998EED40D355604A1C /* Pods_VIP.framework in Frameworks */,
			);
			runOnlyForDeploymentPostprocessing = 0;
		};
/* End PBXFrameworksBuildPhase section */

/* Begin PBXGroup section */
		41D377550FC2C683062511EF /* Pods */ = {
			isa = PBXGroup;
			children = (
				707AD3B45529724633EE9D66 /* Pods-VIP.debug.xcconfig */,
				10CE49CB304F844BECC55710 /* Pods-VIP.release.xcconfig */,
			);
			path = Pods;
			sourceTree = "<group>";
		};
		506F700C7AF559FC7D7EC515 /* Frameworks */ = {
			isa = PBXGroup;
			children = (
				CF65A5DDD3D999096560EB22 /* Pods_VIP.framework */,
			);
			name = Frameworks;
			sourceTree = "<group>";
		};
		607E2F8D2492B5D1003AB9EA = {
			isa = PBXGroup;
			children = (
				607E2F982492B5D1003AB9EA /* VIP */,
				607E2F972492B5D1003AB9EA /* Products */,
				41D377550FC2C683062511EF /* Pods */,
				506F700C7AF559FC7D7EC515 /* Frameworks */,
			);
			sourceTree = "<group>";
		};
		607E2F972492B5D1003AB9EA /* Products */ = {
			isa = PBXGroup;
			children = (
				607E2F962492B5D1003AB9EA /* VIP.app */,
			);
			name = Products;
			sourceTree = "<group>";
		};
		607E2F982492B5D1003AB9EA /* VIP */ = {
			isa = PBXGroup;
			children = (
				6080500724A044F900DA153D /* DetailMovie */,
				607E30882493399B003AB9EA /* MovieList */,
				607E2F992492B5D1003AB9EA /* AppDelegate.swift */,
				607E2F9B2492B5D1003AB9EA /* SceneDelegate.swift */,
				607E2FA22492B5D2003AB9EA /* Assets.xcassets */,
				607E2FA42492B5D2003AB9EA /* LaunchScreen.storyboard */,
				607E2FA72492B5D2003AB9EA /* Info.plist */,
			);
			path = VIP;
			sourceTree = "<group>";
		};
		607E30882493399B003AB9EA /* MovieList */ = {
			isa = PBXGroup;
			children = (
				60A14DE72499AA3600FB2317 /* ViewModel */,
				60A1E236249848E100E004AD /* Interactor */,
				60A1E2332498465300E004AD /* Presenter */,
				60A1E22E24983F7600E004AD /* View */,
				60A1E21024983D2300E004AD /* DataSource */,
				60A1E20F24983CFD00E004AD /* Controller */,
				607E3089249339B4003AB9EA /* Protocols */,
			);
			path = MovieList;
			sourceTree = "<group>";
		};
		607E3089249339B4003AB9EA /* Protocols */ = {
			isa = PBXGroup;
			children = (
				607E308A249339CA003AB9EA /* Protocols.swift */,
			);
			path = Protocols;
			sourceTree = "<group>";
		};
		6080500724A044F900DA153D /* DetailMovie */ = {
			isa = PBXGroup;
			children = (
				6080501224A0482B00DA153D /* Protocol */,
				6080500D24A0466C00DA153D /* ViewModel */,
				6080500C24A0465600DA153D /* Interactor */,
				6080500B24A0464A00DA153D /* Presenter */,
				6080500824A0454600DA153D /* Controller */,
			);
			path = DetailMovie;
			sourceTree = "<group>";
		};
		6080500824A0454600DA153D /* Controller */ = {
			isa = PBXGroup;
			children = (
				6080500924A0460500DA153D /* MovieViewController.swift */,
			);
			path = Controller;
			sourceTree = "<group>";
		};
		6080500B24A0464A00DA153D /* Presenter */ = {
			isa = PBXGroup;
			children = (
				601F6A8124A235E4003E8024 /* MovieDetailPresenter.swift */,
			);
			path = Presenter;
			sourceTree = "<group>";
		};
		6080500C24A0465600DA153D /* Interactor */ = {
			isa = PBXGroup;
			children = (
				601F6A8324A23656003E8024 /* MovieDetailInteractor.swift */,
			);
			path = Interactor;
			sourceTree = "<group>";
		};
		6080500D24A0466C00DA153D /* ViewModel */ = {
			isa = PBXGroup;
			children = (
				6080500E24A0475000DA153D /* MovieResumeViewModel.swift */,
				6080501024A0478B00DA153D /* MovieDetailViewModel.swift */,
			);
			path = ViewModel;
			sourceTree = "<group>";
		};
		6080501224A0482B00DA153D /* Protocol */ = {
			isa = PBXGroup;
			children = (
				601F6A7F24A23179003E8024 /* ProtocolDetailMovie.swift */,
			);
			path = Protocol;
			sourceTree = "<group>";
		};
		60A14DE72499AA3600FB2317 /* ViewModel */ = {
			isa = PBXGroup;
			children = (
				60A14DE82499AA4700FB2317 /* MoviesViewModel.swift */,
			);
			path = ViewModel;
			sourceTree = "<group>";
		};
		60A1E20F24983CFD00E004AD /* Controller */ = {
			isa = PBXGroup;
			children = (
				607E2F9D2492B5D1003AB9EA /* MoviesViewController.swift */,
			);
			path = Controller;
			sourceTree = "<group>";
		};
		60A1E21024983D2300E004AD /* DataSource */ = {
			isa = PBXGroup;
			children = (
				60A1E21124983D3A00E004AD /* MoviesDataSource.swift */,
			);
			path = DataSource;
			sourceTree = "<group>";
		};
		60A1E22E24983F7600E004AD /* View */ = {
			isa = PBXGroup;
			children = (
				60A1E23024983F9C00E004AD /* Controller */,
				60A1E22F24983F8800E004AD /* Cells */,
			);
			path = View;
			sourceTree = "<group>";
		};
		60A1E22F24983F8800E004AD /* Cells */ = {
			isa = PBXGroup;
			children = (
				60A14DEA2499ACBC00FB2317 /* MoviesCollectionCell.swift */,
				6088C7BD2499B005000B4472 /* MoviesCollectionViewModel.swift */,
			);
			path = Cells;
			sourceTree = "<group>";
		};
		60A1E23024983F9C00E004AD /* Controller */ = {
			isa = PBXGroup;
			children = (
				60A1E231249841EA00E004AD /* MovieCollectionView.swift */,
			);
			path = Controller;
			sourceTree = "<group>";
		};
		60A1E2332498465300E004AD /* Presenter */ = {
			isa = PBXGroup;
			children = (
				60A1E2342498466400E004AD /* MoviesPresenter.swift */,
			);
			path = Presenter;
			sourceTree = "<group>";
		};
		60A1E236249848E100E004AD /* Interactor */ = {
			isa = PBXGroup;
			children = (
				60A1E237249848F600E004AD /* MoviesInteractor.swift */,
			);
			path = Interactor;
			sourceTree = "<group>";
		};
/* End PBXGroup section */

/* Begin PBXNativeTarget section */
		607E2F952492B5D1003AB9EA /* VIP */ = {
			isa = PBXNativeTarget;
			buildConfigurationList = 607E2FAA2492B5D2003AB9EA /* Build configuration list for PBXNativeTarget "VIP" */;
			buildPhases = (
				5ADFCD449F720725399C3F4A /* [CP] Check Pods Manifest.lock */,
				607E2F922492B5D1003AB9EA /* Sources */,
				607E2F932492B5D1003AB9EA /* Frameworks */,
				607E2F942492B5D1003AB9EA /* Resources */,
				5869C040AD21227CD78D3BC8 /* [CP] Embed Pods Frameworks */,
			);
			buildRules = (
			);
			dependencies = (
			);
			name = VIP;
			productName = VIP;
			productReference = 607E2F962492B5D1003AB9EA /* VIP.app */;
			productType = "com.apple.product-type.application";
		};
/* End PBXNativeTarget section */

/* Begin PBXProject section */
		607E2F8E2492B5D1003AB9EA /* Project object */ = {
			isa = PBXProject;
			attributes = {
				LastSwiftUpdateCheck = 1130;
				LastUpgradeCheck = 1130;
				ORGANIZATIONNAME = iOSDemos;
				TargetAttributes = {
					607E2F952492B5D1003AB9EA = {
						CreatedOnToolsVersion = 11.3.1;
					};
				};
			};
			buildConfigurationList = 607E2F912492B5D1003AB9EA /* Build configuration list for PBXProject "VIP" */;
			compatibilityVersion = "Xcode 9.3";
			developmentRegion = en;
			hasScannedForEncodings = 0;
			knownRegions = (
				en,
				Base,
			);
			mainGroup = 607E2F8D2492B5D1003AB9EA;
			productRefGroup = 607E2F972492B5D1003AB9EA /* Products */;
			projectDirPath = "";
			projectRoot = "";
			targets = (
				607E2F952492B5D1003AB9EA /* VIP */,
			);
		};
/* End PBXProject section */

/* Begin PBXResourcesBuildPhase section */
		607E2F942492B5D1003AB9EA /* Resources */ = {
			isa = PBXResourcesBuildPhase;
			buildActionMask = 2147483647;
			files = (
				607E2FA62492B5D2003AB9EA /* LaunchScreen.storyboard in Resources */,
				607E2FA32492B5D2003AB9EA /* Assets.xcassets in Resources */,
			);
			runOnlyForDeploymentPostprocessing = 0;
		};
/* End PBXResourcesBuildPhase section */

/* Begin PBXShellScriptBuildPhase section */
		5869C040AD21227CD78D3BC8 /* [CP] Embed Pods Frameworks */ = {
			isa = PBXShellScriptBuildPhase;
			buildActionMask = 2147483647;
			files = (
			);
			inputFileListPaths = (
				"${PODS_ROOT}/Target Support Files/Pods-VIP/Pods-VIP-frameworks-${CONFIGURATION}-input-files.xcfilelist",
			);
			name = "[CP] Embed Pods Frameworks";
			outputFileListPaths = (
				"${PODS_ROOT}/Target Support Files/Pods-VIP/Pods-VIP-frameworks-${CONFIGURATION}-output-files.xcfilelist",
			);
			runOnlyForDeploymentPostprocessing = 0;
			shellPath = /bin/sh;
			shellScript = "\"${PODS_ROOT}/Target Support Files/Pods-VIP/Pods-VIP-frameworks.sh\"\n";
			showEnvVarsInLog = 0;
		};
		5ADFCD449F720725399C3F4A /* [CP] Check Pods Manifest.lock */ = {
			isa = PBXShellScriptBuildPhase;
			buildActionMask = 2147483647;
			files = (
			);
			inputFileListPaths = (
			);
			inputPaths = (
				"${PODS_PODFILE_DIR_PATH}/Podfile.lock",
				"${PODS_ROOT}/Manifest.lock",
			);
			name = "[CP] Check Pods Manifest.lock";
			outputFileListPaths = (
			);
			outputPaths = (
				"$(DERIVED_FILE_DIR)/Pods-VIP-checkManifestLockResult.txt",
			);
			runOnlyForDeploymentPostprocessing = 0;
			shellPath = /bin/sh;
			shellScript = "diff \"${PODS_PODFILE_DIR_PATH}/Podfile.lock\" \"${PODS_ROOT}/Manifest.lock\" > /dev/null\nif [ $? != 0 ] ; then\n    # print error to STDERR\n    echo \"error: The sandbox is not in sync with the Podfile.lock. Run 'pod install' or update your CocoaPods installation.\" >&2\n    exit 1\nfi\n# This output is used by Xcode 'outputs' to avoid re-running this script phase.\necho \"SUCCESS\" > \"${SCRIPT_OUTPUT_FILE_0}\"\n";
			showEnvVarsInLog = 0;
		};
/* End PBXShellScriptBuildPhase section */

/* Begin PBXSourcesBuildPhase section */
		607E2F922492B5D1003AB9EA /* Sources */ = {
			isa = PBXSourcesBuildPhase;
			buildActionMask = 2147483647;
			files = (
				601F6A8224A235E4003E8024 /* MovieDetailPresenter.swift in Sources */,
				60A1E2352498466400E004AD /* MoviesPresenter.swift in Sources */,
				60A1E21224983D3A00E004AD /* MoviesDataSource.swift in Sources */,
				6088C7BE2499B005000B4472 /* MoviesCollectionViewModel.swift in Sources */,
				607E2F9E2492B5D1003AB9EA /* MoviesViewController.swift in Sources */,
				607E2F9A2492B5D1003AB9EA /* AppDelegate.swift in Sources */,
				60A14DE92499AA4700FB2317 /* MoviesViewModel.swift in Sources */,
				601F6A8424A23656003E8024 /* MovieDetailInteractor.swift in Sources */,
				607E2F9C2492B5D1003AB9EA /* SceneDelegate.swift in Sources */,
				60A14DEB2499ACBC00FB2317 /* MoviesCollectionCell.swift in Sources */,
				601F6A8024A23179003E8024 /* ProtocolDetailMovie.swift in Sources */,
				607E308B249339CA003AB9EA /* Protocols.swift in Sources */,
				6080500F24A0475000DA153D /* MovieResumeViewModel.swift in Sources */,
				60A1E232249841EA00E004AD /* MovieCollectionView.swift in Sources */,
				60A1E238249848F600E004AD /* MoviesInteractor.swift in Sources */,
				6080501124A0478B00DA153D /* MovieDetailViewModel.swift in Sources */,
				6080500A24A0460500DA153D /* MovieViewController.swift in Sources */,
			);
			runOnlyForDeploymentPostprocessing = 0;
		};
/* End PBXSourcesBuildPhase section */

/* Begin PBXVariantGroup section */
		607E2FA42492B5D2003AB9EA /* LaunchScreen.storyboard */ = {
			isa = PBXVariantGroup;
			children = (
				607E2FA52492B5D2003AB9EA /* Base */,
			);
			name = LaunchScreen.storyboard;
			sourceTree = "<group>";
		};
/* End PBXVariantGroup section */

/* Begin XCBuildConfiguration section */
		607E2FA82492B5D2003AB9EA /* Debug */ = {
			isa = XCBuildConfiguration;
			buildSettings = {
				ALWAYS_SEARCH_USER_PATHS = NO;
				CLANG_ANALYZER_NONNULL = YES;
				CLANG_ANALYZER_NUMBER_OBJECT_CONVERSION = YES_AGGRESSIVE;
				CLANG_CXX_LANGUAGE_STANDARD = "gnu++14";
				CLANG_CXX_LIBRARY = "libc++";
				CLANG_ENABLE_MODULES = YES;
				CLANG_ENABLE_OBJC_ARC = YES;
				CLANG_ENABLE_OBJC_WEAK = YES;
				CLANG_WARN_BLOCK_CAPTURE_AUTORELEASING = YES;
				CLANG_WARN_BOOL_CONVERSION = YES;
				CLANG_WARN_COMMA = YES;
				CLANG_WARN_CONSTANT_CONVERSION = YES;
				CLANG_WARN_DEPRECATED_OBJC_IMPLEMENTATIONS = YES;
				CLANG_WARN_DIRECT_OBJC_ISA_USAGE = YES_ERROR;
				CLANG_WARN_DOCUMENTATION_COMMENTS = YES;
				CLANG_WARN_EMPTY_BODY = YES;
				CLANG_WARN_ENUM_CONVERSION = YES;
				CLANG_WARN_INFINITE_RECURSION = YES;
				CLANG_WARN_INT_CONVERSION = YES;
				CLANG_WARN_NON_LITERAL_NULL_CONVERSION = YES;
				CLANG_WARN_OBJC_IMPLICIT_RETAIN_SELF = YES;
				CLANG_WARN_OBJC_LITERAL_CONVERSION = YES;
				CLANG_WARN_OBJC_ROOT_CLASS = YES_ERROR;
				CLANG_WARN_RANGE_LOOP_ANALYSIS = YES;
				CLANG_WARN_STRICT_PROTOTYPES = YES;
				CLANG_WARN_SUSPICIOUS_MOVE = YES;
				CLANG_WARN_UNGUARDED_AVAILABILITY = YES_AGGRESSIVE;
				CLANG_WARN_UNREACHABLE_CODE = YES;
				CLANG_WARN__DUPLICATE_METHOD_MATCH = YES;
				COPY_PHASE_STRIP = NO;
				DEBUG_INFORMATION_FORMAT = dwarf;
				ENABLE_STRICT_OBJC_MSGSEND = YES;
				ENABLE_TESTABILITY = YES;
				GCC_C_LANGUAGE_STANDARD = gnu11;
				GCC_DYNAMIC_NO_PIC = NO;
				GCC_NO_COMMON_BLOCKS = YES;
				GCC_OPTIMIZATION_LEVEL = 0;
				GCC_PREPROCESSOR_DEFINITIONS = (
					"DEBUG=1",
					"$(inherited)",
				);
				GCC_WARN_64_TO_32_BIT_CONVERSION = YES;
				GCC_WARN_ABOUT_RETURN_TYPE = YES_ERROR;
				GCC_WARN_UNDECLARED_SELECTOR = YES;
				GCC_WARN_UNINITIALIZED_AUTOS = YES_AGGRESSIVE;
				GCC_WARN_UNUSED_FUNCTION = YES;
				GCC_WARN_UNUSED_VARIABLE = YES;
				IPHONEOS_DEPLOYMENT_TARGET = 13.2;
				MTL_ENABLE_DEBUG_INFO = INCLUDE_SOURCE;
				MTL_FAST_MATH = YES;
				ONLY_ACTIVE_ARCH = YES;
				SDKROOT = iphoneos;
				SWIFT_ACTIVE_COMPILATION_CONDITIONS = DEBUG;
				SWIFT_OPTIMIZATION_LEVEL = "-Onone";
			};
			name = Debug;
		};
		607E2FA92492B5D2003AB9EA /* Release */ = {
			isa = XCBuildConfiguration;
			buildSettings = {
				ALWAYS_SEARCH_USER_PATHS = NO;
				CLANG_ANALYZER_NONNULL = YES;
				CLANG_ANALYZER_NUMBER_OBJECT_CONVERSION = YES_AGGRESSIVE;
				CLANG_CXX_LANGUAGE_STANDARD = "gnu++14";
				CLANG_CXX_LIBRARY = "libc++";
				CLANG_ENABLE_MODULES = YES;
				CLANG_ENABLE_OBJC_ARC = YES;
				CLANG_ENABLE_OBJC_WEAK = YES;
				CLANG_WARN_BLOCK_CAPTURE_AUTORELEASING = YES;
				CLANG_WARN_BOOL_CONVERSION = YES;
				CLANG_WARN_COMMA = YES;
				CLANG_WARN_CONSTANT_CONVERSION = YES;
				CLANG_WARN_DEPRECATED_OBJC_IMPLEMENTATIONS = YES;
				CLANG_WARN_DIRECT_OBJC_ISA_USAGE = YES_ERROR;
				CLANG_WARN_DOCUMENTATION_COMMENTS = YES;
				CLANG_WARN_EMPTY_BODY = YES;
				CLANG_WARN_ENUM_CONVERSION = YES;
				CLANG_WARN_INFINITE_RECURSION = YES;
				CLANG_WARN_INT_CONVERSION = YES;
				CLANG_WARN_NON_LITERAL_NULL_CONVERSION = YES;
				CLANG_WARN_OBJC_IMPLICIT_RETAIN_SELF = YES;
				CLANG_WARN_OBJC_LITERAL_CONVERSION = YES;
				CLANG_WARN_OBJC_ROOT_CLASS = YES_ERROR;
				CLANG_WARN_RANGE_LOOP_ANALYSIS = YES;
				CLANG_WARN_STRICT_PROTOTYPES = YES;
				CLANG_WARN_SUSPICIOUS_MOVE = YES;
				CLANG_WARN_UNGUARDED_AVAILABILITY = YES_AGGRESSIVE;
				CLANG_WARN_UNREACHABLE_CODE = YES;
				CLANG_WARN__DUPLICATE_METHOD_MATCH = YES;
				COPY_PHASE_STRIP = NO;
				DEBUG_INFORMATION_FORMAT = "dwarf-with-dsym";
				ENABLE_NS_ASSERTIONS = NO;
				ENABLE_STRICT_OBJC_MSGSEND = YES;
				GCC_C_LANGUAGE_STANDARD = gnu11;
				GCC_NO_COMMON_BLOCKS = YES;
				GCC_WARN_64_TO_32_BIT_CONVERSION = YES;
				GCC_WARN_ABOUT_RETURN_TYPE = YES_ERROR;
				GCC_WARN_UNDECLARED_SELECTOR = YES;
				GCC_WARN_UNINITIALIZED_AUTOS = YES_AGGRESSIVE;
				GCC_WARN_UNUSED_FUNCTION = YES;
				GCC_WARN_UNUSED_VARIABLE = YES;
				IPHONEOS_DEPLOYMENT_TARGET = 13.2;
				MTL_ENABLE_DEBUG_INFO = NO;
				MTL_FAST_MATH = YES;
				SDKROOT = iphoneos;
				SWIFT_COMPILATION_MODE = wholemodule;
				SWIFT_OPTIMIZATION_LEVEL = "-O";
				VALIDATE_PRODUCT = YES;
			};
			name = Release;
		};
		607E2FAB2492B5D2003AB9EA /* Debug */ = {
			isa = XCBuildConfiguration;
			baseConfigurationReference = 707AD3B45529724633EE9D66 /* Pods-VIP.debug.xcconfig */;
			buildSettings = {
				ASSETCATALOG_COMPILER_APPICON_NAME = AppIcon;
				CODE_SIGN_STYLE = Automatic;
				INFOPLIST_FILE = VIP/Info.plist;
				LD_RUNPATH_SEARCH_PATHS = (
					"$(inherited)",
					"@executable_path/Frameworks",
				);
				PRODUCT_BUNDLE_IDENTIFIER = cl.com.VIP;
				PRODUCT_NAME = "$(TARGET_NAME)";
				SWIFT_VERSION = 5.0;
				TARGETED_DEVICE_FAMILY = "1,2";
			};
			name = Debug;
		};
		607E2FAC2492B5D2003AB9EA /* Release */ = {
			isa = XCBuildConfiguration;
			baseConfigurationReference = 10CE49CB304F844BECC55710 /* Pods-VIP.release.xcconfig */;
			buildSettings = {
				ASSETCATALOG_COMPILER_APPICON_NAME = AppIcon;
				CODE_SIGN_STYLE = Automatic;
				INFOPLIST_FILE = VIP/Info.plist;
				LD_RUNPATH_SEARCH_PATHS = (
					"$(inherited)",
					"@executable_path/Frameworks",
				);
				PRODUCT_BUNDLE_IDENTIFIER = cl.com.VIP;
				PRODUCT_NAME = "$(TARGET_NAME)";
				SWIFT_VERSION = 5.0;
				TARGETED_DEVICE_FAMILY = "1,2";
			};
			name = Release;
		};
/* End XCBuildConfiguration section */

/* Begin XCConfigurationList section */
		607E2F912492B5D1003AB9EA /* Build configuration list for PBXProject "VIP" */ = {
			isa = XCConfigurationList;
			buildConfigurations = (
				607E2FA82492B5D2003AB9EA /* Debug */,
				607E2FA92492B5D2003AB9EA /* Release */,
			);
			defaultConfigurationIsVisible = 0;
			defaultConfigurationName = Release;
		};
		607E2FAA2492B5D2003AB9EA /* Build configuration list for PBXNativeTarget "VIP" */ = {
			isa = XCConfigurationList;
			buildConfigurations = (
				607E2FAB2492B5D2003AB9EA /* Debug */,
				607E2FAC2492B5D2003AB9EA /* Release */,
			);
			defaultConfigurationIsVisible = 0;
			defaultConfigurationName = Release;
		};
/* End XCConfigurationList section */
	};
	rootObject = 607E2F8E2492B5D1003AB9EA /* Project object */;
}
